
Microsoft Visual Studio Solution File, Format Version 12.00
# Visual Studio Version 16
VisualStudioVersion = 16.0.29509.3
MinimumVisualStudioVersion = 10.0.40219.1
Project("{FAE04EC0-301F-11D3-BF4B-00C04F79EFBC}") = "01. Spring Vacation Trip", "01. Spring Vacation Trip\01. Spring Vacation Trip.csproj", "{D56C2384-25A2-40F6-A3B8-526CF89A3A4F}"
EndProject
Project("{FAE04EC0-301F-11D3-BF4B-00C04F79EFBC}") = "02. Hello, France", "02. Hello, France\02. Hello, France.csproj", "{996C747B-D782-402A-B52D-8BF266310206}"
EndProject
Project("{FAE04EC0-301F-11D3-BF4B-00C04F79EFBC}") = "03. Last Stop", "03. Last Stop\03. Last Stop.csproj", "{02010106-E85D-4F33-A562-CFD83A5D63CD}"
EndProject
Global
	GlobalSection(SolutionConfigurationPlatforms) = preSolution
		Debug|Any CPU = Debug|Any CPU
		Release|Any CPU = Release|Any CPU
	EndGlobalSection
	GlobalSection(ProjectConfigurationPlatforms) = postSolution
		{D56C2384-25A2-40F6-A3B8-526CF89A3A4F}.Debug|Any CPU.ActiveCfg = Debug|Any CPU
		{D56C2384-25A2-40F6-A3B8-526CF89A3A4F}.Debug|Any CPU.Build.0 = Debug|Any CPU
		{D56C2384-25A2-40F6-A3B8-526CF89A3A4F}.Release|Any CPU.ActiveCfg = Release|Any CPU
		{D56C2384-25A2-40F6-A3B8-526CF89A3A4F}.Release|Any CPU.Build.0 = Release|Any CPU
		{996C747B-D782-402A-B52D-8BF266310206}.Debug|Any CPU.ActiveCfg = Debug|Any CPU
		{996C747B-D782-402A-B52D-8BF266310206}.Debug|Any CPU.Build.0 = Debug|Any CPU
		{996C747B-D782-402A-B52D-8BF266310206}.Release|Any CPU.ActiveCfg = Release|Any CPU
		{996C747B-D782-402A-B52D-8BF266310206}.Release|Any CPU.Build.0 = Release|Any CPU
		{02010106-E85D-4F33-A562-CFD83A5D63CD}.Debug|Any CPU.ActiveCfg = Debug|Any CPU
		{02010106-E85D-4F33-A562-CFD83A5D63CD}.Debug|Any CPU.Build.0 = Debug|Any CPU
		{02010106-E85D-4F33-A562-CFD83A5D63CD}.Release|Any CPU.ActiveCfg = Release|Any CPU
		{02010106-E85D-4F33-A562-CFD83A5D63CD}.Release|Any CPU.Build.0 = Release|Any CPU
	EndGlobalSection
	GlobalSection(SolutionProperties) = preSolution
		HideSolutionNode = FALSE
	EndGlobalSection
	GlobalSection(ExtensibilityGlobals) = postSolution
		SolutionGuid = {844BDBE6-B287-4ADF-87D2-3674CF2A88BA}
	EndGlobalSection
EndGlobal
